
Microsoft Visual Studio Solution File, Format Version 12.00
# Visual Studio Version 17
VisualStudioVersion = 17.5.33530.505
MinimumVisualStudioVersion = 10.0.40219.1
Project("{9A19103F-16F7-4668-BE54-9A1E7A4F7556}") = "ProjectTools", "ProjectTools\ProjectTools.csproj", "{6C68094E-1FCD-4C7E-A91D-B3E30AA511CD}"
EndProject
Project("{9A19103F-16F7-4668-BE54-9A1E7A4F7556}") = "ProjectTools.Core", "ProjectTools.Core\ProjectTools.Core.csproj", "{49E8FD9E-0973-41FA-A9D3-763C409AF17D}"
EndProject
Project("{2150E333-8FDC-42A3-9474-1A3956D46DE8}") = "SolutionFiles", "SolutionFiles", "{F1ADAE5C-328F-4FEB-A2CA-E0670186545D}"
	ProjectSection(SolutionItems) = preProject
		.gitattributes = .gitattributes
		.gitignore = .gitignore
		LICENSE.txt = LICENSE.txt
		README.md = README.md
	EndProjectSection
EndProject
Global
	GlobalSection(SolutionConfigurationPlatforms) = preSolution
		Debug|Any CPU = Debug|Any CPU
		Release|Any CPU = Release|Any CPU
	EndGlobalSection
	GlobalSection(ProjectConfigurationPlatforms) = postSolution
		{6C68094E-1FCD-4C7E-A91D-B3E30AA511CD}.Debug|Any CPU.ActiveCfg = Debug|Any CPU
		{6C68094E-1FCD-4C7E-A91D-B3E30AA511CD}.Debug|Any CPU.Build.0 = Debug|Any CPU
		{6C68094E-1FCD-4C7E-A91D-B3E30AA511CD}.Release|Any CPU.ActiveCfg = Release|Any CPU
		{6C68094E-1FCD-4C7E-A91D-B3E30AA511CD}.Release|Any CPU.Build.0 = Release|Any CPU
		{49E8FD9E-0973-41FA-A9D3-763C409AF17D}.Debug|Any CPU.ActiveCfg = Debug|Any CPU
		{49E8FD9E-0973-41FA-A9D3-763C409AF17D}.Debug|Any CPU.Build.0 = Debug|Any CPU
		{49E8FD9E-0973-41FA-A9D3-763C409AF17D}.Release|Any CPU.ActiveCfg = Release|Any CPU
		{49E8FD9E-0973-41FA-A9D3-763C409AF17D}.Release|Any CPU.Build.0 = Release|Any CPU
	EndGlobalSection
	GlobalSection(SolutionProperties) = preSolution
		HideSolutionNode = FALSE
	EndGlobalSection
	GlobalSection(ExtensibilityGlobals) = postSolution
		SolutionGuid = {96024F85-A436-40B7-A691-D7A718D53EC0}
	EndGlobalSection
EndGlobal
