Microsoft Visual Studio Solution File, Format Version 12.00
# Visual Studio Version 17
VisualStudioVersion = 17.1.32414.318
MinimumVisualStudioVersion = 10.0.40219.1
Project("{2150E333-8FDC-42A3-9474-1A3956D46DE8}") = "SolutionItems", "SolutionItems", "{[[GUID0]]}"
	ProjectSection(SolutionItems) = preProject
		CODEOWNERS = CODEOWNERS
		LICENSE = LICENSE
		README.md = README.md
	EndProjectSection
EndProject
Project("{2150E333-8FDC-42A3-9474-1A3956D46DE8}") = "source", "source", "{[[GUID1]]}"
EndProject
Project("{2150E333-8FDC-42A3-9474-1A3956D46DE8}") = "test", "test", "{[[GUID2]]}"
EndProject
Project("{2150E333-8FDC-42A3-9474-1A3956D46DE8}") = "automated", "automated", "{[[GUID3]]}"
EndProject
Project("{2150E333-8FDC-42A3-9474-1A3956D46DE8}") = "manual", "manual", "{[[GUID4]]}"
EndProject
Project("{9A19103F-16F7-4668-BE54-9A1E7A4F7556}") = "[[SolutionName]]", "source\[[SolutionName]]\[[SolutionName]].csproj", "{[[GUID5]]}"
EndProject
Project("{9A19103F-16F7-4668-BE54-9A1E7A4F7556}") = "[[SolutionName]].Test", "test\automated\[[SolutionName]].Test\[[SolutionName]].Test.csproj", "{[[GUID6]]}"
EndProject
Project("{D954291E-2A0B-460D-934E-DC6B0785DB48}") = "Velentr.DevEnv", "test\manual\Velentr.DevEnv\Velentr.DevEnv.shproj", "{[[GUID7]]}"
EndProject
Project("{9A19103F-16F7-4668-BE54-9A1E7A4F7556}") = "Velentr.DevEnv.Console", "test\manual\Velentr.DevEnv.Console\Velentr.DevEnv.Console.csproj", "{[[GUID8]]}"
EndProject
Global
	GlobalSection(SolutionConfigurationPlatforms) = preSolution
		Debug|Any CPU = Debug|Any CPU
		Release|Any CPU = Release|Any CPU
	EndGlobalSection
	GlobalSection(ProjectConfigurationPlatforms) = postSolution
		{[[GUID5]]}.Debug|Any CPU.ActiveCfg = Debug|Any CPU
		{[[GUID5]]}.Debug|Any CPU.Build.0 = Debug|Any CPU
		{[[GUID5]]}.Release|Any CPU.ActiveCfg = Release|Any CPU
		{[[GUID5]]}.Release|Any CPU.Build.0 = Release|Any CPU
		{[[GUID6]]}.Debug|Any CPU.ActiveCfg = Debug|Any CPU
		{[[GUID6]]}.Debug|Any CPU.Build.0 = Debug|Any CPU
		{[[GUID6]]}.Release|Any CPU.ActiveCfg = Release|Any CPU
		{[[GUID6]]}.Release|Any CPU.Build.0 = Release|Any CPU
		{[[GUID8]]}.Debug|Any CPU.ActiveCfg = Debug|Any CPU
		{[[GUID8]]}.Debug|Any CPU.Build.0 = Debug|Any CPU
		{[[GUID8]]}.Release|Any CPU.ActiveCfg = Release|Any CPU
		{[[GUID8]]}.Release|Any CPU.Build.0 = Release|Any CPU
	EndGlobalSection
	GlobalSection(SolutionProperties) = preSolution
		HideSolutionNode = FALSE
	EndGlobalSection
	GlobalSection(NestedProjects) = preSolution
		{[[GUID3]]} = {[[GUID2]]}
		{[[GUID4]]} = {[[GUID2]]}
		{[[GUID5]]} = {[[GUID1]]}
		{[[GUID6]]} = {[[GUID3]]}
		{[[GUID7]]} = {[[GUID4]]}
		{[[GUID8]]} = {[[GUID4]]}
	EndGlobalSection
	GlobalSection(ExtensibilityGlobals) = postSolution
		SolutionGuid = {GUID05}
	EndGlobalSection
	GlobalSection(SharedMSBuildProjectFiles) = preSolution
		test\manual\Velentr.DevEnv\Velentr.DevEnv.projitems*{227895c9-a4fd-43ed-807b-87af42d69a34}*SharedItemsImports = 13
	EndGlobalSection
EndGlobal
