Microsoft Visual Studio Solution File, Format Version 12.00
# Visual Studio Version 17
VisualStudioVersion = 17.1.32414.318
MinimumVisualStudioVersion = 10.0.40219.1
Project("{2150E333-8FDC-42A3-9474-1A3956D46DE8}") = "SolutionItems", "SolutionItems", "{[[GUID00]]}"
	ProjectSection(SolutionItems) = preProject
		.gitignore = .gitignore
		CODEOWNERS = CODEOWNERS
		LICENSE = LICENSE
		README.md = README.md
	EndProjectSection
EndProject
Project("{2150E333-8FDC-42A3-9474-1A3956D46DE8}") = "source", "source", "{[[GUID01]]}"
EndProject
Project("{2150E333-8FDC-42A3-9474-1A3956D46DE8}") = "test", "test", "{[[GUID02]]}"
EndProject
Project("{2150E333-8FDC-42A3-9474-1A3956D46DE8}") = "manual", "manual", "{[[GUID03]]}"
EndProject
Project("{2150E333-8FDC-42A3-9474-1A3956D46DE8}") = "automated", "automated", "{[[GUID04]]}"
EndProject
Project("{2150E333-8FDC-42A3-9474-1A3956D46DE8}") = "FNA", "FNA", "{[[GUID05]]}"
EndProject
Project("{D954291E-2A0B-460D-934E-DC6B0785DB48}") = "[[SolutionName]]", "source\[[SolutionName]]\[[SolutionName]].shproj", "{[[GUID06]]}"
EndProject
Project("{9A19103F-16F7-4668-BE54-9A1E7A4F7556}") = "[[SolutionName]].FNA", "source\[[SolutionName]].FNA\[[SolutionName]].FNA.csproj", "{[[GUID07]]}"
EndProject
Project("{9A19103F-16F7-4668-BE54-9A1E7A4F7556}") = "[[SolutionName]].Monogame", "source\[[SolutionName]].Monogame\[[SolutionName]].Monogame.csproj", "{[[GUID08]]}"
EndProject
Project("{9A19103F-16F7-4668-BE54-9A1E7A4F7556}") = "FNA.Core", "FNA\FNA\FNA.Core.csproj", "{[[GUID09]]}"
EndProject
Project("{D954291E-2A0B-460D-934E-DC6B0785DB48}") = "Velentr.DevEnv", "test\manual\Velentr.DevEnv\Velentr.DevEnv.shproj", "{[[GUID10]]}"
EndProject
Project("{9A19103F-16F7-4668-BE54-9A1E7A4F7556}") = "[[SolutionName]].Test", "test\automated\[[SolutionName]].Test\[[SolutionName]].Test.csproj", "{[[GUID11]]}"
EndProject
Global
	GlobalSection(SolutionConfigurationPlatforms) = preSolution
		Debug|Any CPU = Debug|Any CPU
		Debug|x64 = Debug|x64
		Release|Any CPU = Release|Any CPU
		Release|x64 = Release|x64
	EndGlobalSection
	GlobalSection(ProjectConfigurationPlatforms) = postSolution
		{[[GUID07]]}.Debug|Any CPU.ActiveCfg = Debug|x64
		{[[GUID07]]}.Debug|Any CPU.Build.0 = Debug|x64
		{[[GUID07]]}.Debug|x64.ActiveCfg = Debug|x64
		{[[GUID07]]}.Debug|x64.Build.0 = Debug|x64
		{[[GUID07]]}.Release|Any CPU.ActiveCfg = Release|x64
		{[[GUID07]]}.Release|Any CPU.Build.0 = Release|x64
		{[[GUID07]]}.Release|x64.ActiveCfg = Release|x64
		{[[GUID07]]}.Release|x64.Build.0 = Release|x64
		{[[GUID08]]}.Debug|Any CPU.ActiveCfg = Debug|Any CPU
		{[[GUID08]]}.Debug|Any CPU.Build.0 = Debug|Any CPU
		{[[GUID08]]}.Debug|x64.ActiveCfg = Debug|Any CPU
		{[[GUID08]]}.Debug|x64.Build.0 = Debug|Any CPU
		{[[GUID08]]}.Release|Any CPU.ActiveCfg = Release|Any CPU
		{[[GUID08]]}.Release|Any CPU.Build.0 = Release|Any CPU
		{[[GUID08]]}.Release|x64.ActiveCfg = Release|Any CPU
		{[[GUID08]]}.Release|x64.Build.0 = Release|Any CPU
		{[[GUID09]]}.Debug|Any CPU.ActiveCfg = Debug|x64
		{[[GUID09]]}.Debug|Any CPU.Build.0 = Debug|x64
		{[[GUID09]]}.Debug|x64.ActiveCfg = Debug|x64
		{[[GUID09]]}.Debug|x64.Build.0 = Debug|x64
		{[[GUID09]]}.Release|Any CPU.ActiveCfg = Release|x64
		{[[GUID09]]}.Release|Any CPU.Build.0 = Release|x64
		{[[GUID09]]}.Release|x64.ActiveCfg = Release|x64
		{[[GUID09]]}.Release|x64.Build.0 = Release|x64
		{[[GUID11]]}.Debug|Any CPU.ActiveCfg = Debug|Any CPU
		{[[GUID11]]}.Debug|Any CPU.Build.0 = Debug|Any CPU
		{[[GUID11]]}.Debug|x64.ActiveCfg = Debug|Any CPU
		{[[GUID11]]}.Debug|x64.Build.0 = Debug|Any CPU
		{[[GUID11]]}.Release|Any CPU.ActiveCfg = Release|Any CPU
		{[[GUID11]]}.Release|Any CPU.Build.0 = Release|Any CPU
		{[[GUID11]]}.Release|x64.ActiveCfg = Release|Any CPU
		{[[GUID11]]}.Release|x64.Build.0 = Release|Any CPU
	EndGlobalSection
	GlobalSection(SolutionProperties) = preSolution
		HideSolutionNode = FALSE
	EndGlobalSection
	GlobalSection(NestedProjects) = preSolution
		{[[GUID03]]} = {[[GUID02]]}
		{[[GUID04]]} = {[[GUID02]]}
		{[[GUID06]]} = {[[GUID01]]}
		{[[GUID07]]} = {[[GUID01]]}
		{[[GUID08]]} = {[[GUID01]]}
		{[[GUID09]]} = {[[GUID05]]}
		{[[GUID10]]} = {[[GUID03]]}
		{[[GUID11]]} = {[[GUID04]]}
	EndGlobalSection
	GlobalSection(ExtensibilityGlobals) = postSolution
		SolutionGuid = {4ea5abe1-bd58-49f2-a70d-89d5043fe486}
	EndGlobalSection
	GlobalSection(SharedMSBuildProjectFiles) = preSolution
		test\manual\Velentr.DevEnv\Velentr.DevEnv.projitems*{227895c9-a4fd-43ed-807b-87af42d69a34}*SharedItemsImports = 13
		source\[[SolutionName]]\[[SolutionName]].projitems*{2f24ba50-02c7-4c79-a2f3-c6216a5e2508}*SharedItemsImports = 13
		source\[[SolutionName]]\[[SolutionName]].projitems*{508da6ef-fc5a-4cce-b3ea-1eaa51c72117}*SharedItemsImports = 5
		source\[[SolutionName]]\[[SolutionName]].projitems*{67073604-a543-47b0-bfa4-0758a2c1f2c5}*SharedItemsImports = 5
	EndGlobalSection
EndGlobal
